
Microsoft Visual Studio Solution File, Format Version 12.00
# Visual Studio Version 16
VisualStudioVersion = 16.0.30104.148
MinimumVisualStudioVersion = 10.0.40219.1
Project("{FAE04EC0-301F-11D3-BF4B-00C04F79EFBC}") = "API", "API\API.csproj", "{B56F837E-D5EA-49A1-A428-6CC6DCDE0365}"
EndProject
Global
	GlobalSection(SolutionConfigurationPlatforms) = preSolution
		Debug|Any CPU = Debug|Any CPU
		Release|Any CPU = Release|Any CPU
	EndGlobalSection
	GlobalSection(ProjectConfigurationPlatforms) = postSolution
		{B56F837E-D5EA-49A1-A428-6CC6DCDE0365}.Debug|Any CPU.ActiveCfg = Debug|Any CPU
		{B56F837E-D5EA-49A1-A428-6CC6DCDE0365}.Debug|Any CPU.Build.0 = Debug|Any CPU
		{B56F837E-D5EA-49A1-A428-6CC6DCDE0365}.Release|Any CPU.ActiveCfg = Release|Any CPU
		{B56F837E-D5EA-49A1-A428-6CC6DCDE0365}.Release|Any CPU.Build.0 = Release|Any CPU
	EndGlobalSection
	GlobalSection(SolutionProperties) = preSolution
		HideSolutionNode = FALSE
	EndGlobalSection
	GlobalSection(ExtensibilityGlobals) = postSolution
		SolutionGuid = {662860A1-DA79-4686-9FA6-54078AE7F581}
	EndGlobalSection
EndGlobal
